
Microsoft Visual Studio Solution File, Format Version 12.00
# Visual Studio Express 2013 for Windows Desktop
VisualStudioVersion = 12.0.30723.0
MinimumVisualStudioVersion = 10.0.40219.1
Project("{FAE04EC0-301F-11D3-BF4B-00C04F79EFBC}") = "01.Point3D", "ConsoleApplication1\01.Point3D.csproj", "{39A00BA9-AD5A-439E-8151-40BD25250460}"
EndProject
Project("{FAE04EC0-301F-11D3-BF4B-00C04F79EFBC}") = "02.HTML_Dispatcher", "02.HTML_Dispatcher\02.HTML_Dispatcher.csproj", "{FA68720A-F806-4AC0-93FB-0FE3529FCCA7}"
EndProject
Project("{FAE04EC0-301F-11D3-BF4B-00C04F79EFBC}") = "06.Namespaces", "06.Namespaces\06.Namespaces.csproj", "{A8FACC70-C1AC-4CBA-8645-FBB6571F5F63}"
EndProject
Global
	GlobalSection(SolutionConfigurationPlatforms) = preSolution
		Debug|Any CPU = Debug|Any CPU
		Release|Any CPU = Release|Any CPU
	EndGlobalSection
	GlobalSection(ProjectConfigurationPlatforms) = postSolution
		{39A00BA9-AD5A-439E-8151-40BD25250460}.Debug|Any CPU.ActiveCfg = Debug|Any CPU
		{39A00BA9-AD5A-439E-8151-40BD25250460}.Debug|Any CPU.Build.0 = Debug|Any CPU
		{39A00BA9-AD5A-439E-8151-40BD25250460}.Release|Any CPU.ActiveCfg = Release|Any CPU
		{39A00BA9-AD5A-439E-8151-40BD25250460}.Release|Any CPU.Build.0 = Release|Any CPU
		{FA68720A-F806-4AC0-93FB-0FE3529FCCA7}.Debug|Any CPU.ActiveCfg = Debug|Any CPU
		{FA68720A-F806-4AC0-93FB-0FE3529FCCA7}.Debug|Any CPU.Build.0 = Debug|Any CPU
		{FA68720A-F806-4AC0-93FB-0FE3529FCCA7}.Release|Any CPU.ActiveCfg = Release|Any CPU
		{FA68720A-F806-4AC0-93FB-0FE3529FCCA7}.Release|Any CPU.Build.0 = Release|Any CPU
		{A8FACC70-C1AC-4CBA-8645-FBB6571F5F63}.Debug|Any CPU.ActiveCfg = Debug|Any CPU
		{A8FACC70-C1AC-4CBA-8645-FBB6571F5F63}.Debug|Any CPU.Build.0 = Debug|Any CPU
		{A8FACC70-C1AC-4CBA-8645-FBB6571F5F63}.Release|Any CPU.ActiveCfg = Release|Any CPU
		{A8FACC70-C1AC-4CBA-8645-FBB6571F5F63}.Release|Any CPU.Build.0 = Release|Any CPU
	EndGlobalSection
	GlobalSection(SolutionProperties) = preSolution
		HideSolutionNode = FALSE
	EndGlobalSection
EndGlobal
