
Microsoft Visual Studio Solution File, Format Version 12.00
# Visual Studio 2013
VisualStudioVersion = 12.0.30723.0
MinimumVisualStudioVersion = 10.0.40219.1
Project("{FAE04EC0-301F-11D3-BF4B-00C04F79EFBC}") = "01.Customer", "01.Customer\01.Customer.csproj", "{EE7A810B-A9F6-4F8A-A58E-F8F6D8DD369B}"
EndProject
Project("{FAE04EC0-301F-11D3-BF4B-00C04F79EFBC}") = "02.StringDisperser", "02.StringDisperser\02.StringDisperser.csproj", "{67009712-78C3-4438-AB3A-96F2890BF9D6}"
EndProject
Global
	GlobalSection(SolutionConfigurationPlatforms) = preSolution
		Debug|Any CPU = Debug|Any CPU
		Release|Any CPU = Release|Any CPU
	EndGlobalSection
	GlobalSection(ProjectConfigurationPlatforms) = postSolution
		{EE7A810B-A9F6-4F8A-A58E-F8F6D8DD369B}.Debug|Any CPU.ActiveCfg = Debug|Any CPU
		{EE7A810B-A9F6-4F8A-A58E-F8F6D8DD369B}.Debug|Any CPU.Build.0 = Debug|Any CPU
		{EE7A810B-A9F6-4F8A-A58E-F8F6D8DD369B}.Release|Any CPU.ActiveCfg = Release|Any CPU
		{EE7A810B-A9F6-4F8A-A58E-F8F6D8DD369B}.Release|Any CPU.Build.0 = Release|Any CPU
		{67009712-78C3-4438-AB3A-96F2890BF9D6}.Debug|Any CPU.ActiveCfg = Debug|Any CPU
		{67009712-78C3-4438-AB3A-96F2890BF9D6}.Debug|Any CPU.Build.0 = Debug|Any CPU
		{67009712-78C3-4438-AB3A-96F2890BF9D6}.Release|Any CPU.ActiveCfg = Release|Any CPU
		{67009712-78C3-4438-AB3A-96F2890BF9D6}.Release|Any CPU.Build.0 = Release|Any CPU
	EndGlobalSection
	GlobalSection(SolutionProperties) = preSolution
		HideSolutionNode = FALSE
	EndGlobalSection
EndGlobal
